
Microsoft Visual Studio Solution File, Format Version 12.00
# Visual Studio Version 17
VisualStudioVersion = 17.13.35931.197
MinimumVisualStudioVersion = 10.0.40219.1
Project("{FAE04EC0-301F-11D3-BF4B-00C04F79EFBC}") = "InvoiceService", "InvoiceService\InvoiceService.csproj", "{9E4598CC-E2F5-4FD2-AE47-55F15E18654B}"
EndProject
Project("{FAE04EC0-301F-11D3-BF4B-00C04F79EFBC}") = "Shared.Common", "Shared.Common\Shared.Common.csproj", "{BD3A8D1C-0AB5-4544-AB50-AB5C88FC7FDF}"
EndProject
Global
	GlobalSection(SolutionConfigurationPlatforms) = preSolution
		Debug|Any CPU = Debug|Any CPU
		Release|Any CPU = Release|Any CPU
	EndGlobalSection
	GlobalSection(ProjectConfigurationPlatforms) = postSolution
		{9E4598CC-E2F5-4FD2-AE47-55F15E18654B}.Debug|Any CPU.ActiveCfg = Debug|Any CPU
		{9E4598CC-E2F5-4FD2-AE47-55F15E18654B}.Debug|Any CPU.Build.0 = Debug|Any CPU
		{9E4598CC-E2F5-4FD2-AE47-55F15E18654B}.Release|Any CPU.ActiveCfg = Release|Any CPU
		{9E4598CC-E2F5-4FD2-AE47-55F15E18654B}.Release|Any CPU.Build.0 = Release|Any CPU
		{BD3A8D1C-0AB5-4544-AB50-AB5C88FC7FDF}.Debug|Any CPU.ActiveCfg = Debug|Any CPU
		{BD3A8D1C-0AB5-4544-AB50-AB5C88FC7FDF}.Debug|Any CPU.Build.0 = Debug|Any CPU
		{BD3A8D1C-0AB5-4544-AB50-AB5C88FC7FDF}.Release|Any CPU.ActiveCfg = Release|Any CPU
		{BD3A8D1C-0AB5-4544-AB50-AB5C88FC7FDF}.Release|Any CPU.Build.0 = Release|Any CPU
	EndGlobalSection
	GlobalSection(SolutionProperties) = preSolution
		HideSolutionNode = FALSE
	EndGlobalSection
	GlobalSection(ExtensibilityGlobals) = postSolution
		SolutionGuid = {56455266-7FC9-40A4-A8E9-7568AAA51E87}
	EndGlobalSection
EndGlobal
